
Microsoft Visual Studio Solution File, Format Version 12.00
# Visual Studio Version 17
VisualStudioVersion = 17.12.35527.113 d17.12
MinimumVisualStudioVersion = 10.0.40219.1
Project("{FAE04EC0-301F-11D3-BF4B-00C04F79EFBC}") = "EmployeeApplication", "EmployeeApplication\EmployeeApplication.csproj", "{28FDC16D-EE76-4C03-BF5A-AE0F09BAC10D}"
EndProject
Project("{FAE04EC0-301F-11D3-BF4B-00C04F79EFBC}") = "Model", "Model\Model.csproj", "{ED446F21-106A-4025-A748-85370E054B2F}"
EndProject
Project("{FAE04EC0-301F-11D3-BF4B-00C04F79EFBC}") = "Service", "Service\Service.csproj", "{22925E05-1CCE-4FCC-B778-46BB0753F1E2}"
EndProject
Project("{FAE04EC0-301F-11D3-BF4B-00C04F79EFBC}") = "Repository", "Repository\Repository.csproj", "{A72DA27E-63C1-400B-963D-DB84D807EECE}"
EndProject
Global
	GlobalSection(SolutionConfigurationPlatforms) = preSolution
		Debug|Any CPU = Debug|Any CPU
		Release|Any CPU = Release|Any CPU
	EndGlobalSection
	GlobalSection(ProjectConfigurationPlatforms) = postSolution
		{28FDC16D-EE76-4C03-BF5A-AE0F09BAC10D}.Debug|Any CPU.ActiveCfg = Debug|Any CPU
		{28FDC16D-EE76-4C03-BF5A-AE0F09BAC10D}.Debug|Any CPU.Build.0 = Debug|Any CPU
		{28FDC16D-EE76-4C03-BF5A-AE0F09BAC10D}.Release|Any CPU.ActiveCfg = Release|Any CPU
		{28FDC16D-EE76-4C03-BF5A-AE0F09BAC10D}.Release|Any CPU.Build.0 = Release|Any CPU
		{ED446F21-106A-4025-A748-85370E054B2F}.Debug|Any CPU.ActiveCfg = Debug|Any CPU
		{ED446F21-106A-4025-A748-85370E054B2F}.Debug|Any CPU.Build.0 = Debug|Any CPU
		{ED446F21-106A-4025-A748-85370E054B2F}.Release|Any CPU.ActiveCfg = Release|Any CPU
		{ED446F21-106A-4025-A748-85370E054B2F}.Release|Any CPU.Build.0 = Release|Any CPU
		{22925E05-1CCE-4FCC-B778-46BB0753F1E2}.Debug|Any CPU.ActiveCfg = Debug|Any CPU
		{22925E05-1CCE-4FCC-B778-46BB0753F1E2}.Debug|Any CPU.Build.0 = Debug|Any CPU
		{22925E05-1CCE-4FCC-B778-46BB0753F1E2}.Release|Any CPU.ActiveCfg = Release|Any CPU
		{22925E05-1CCE-4FCC-B778-46BB0753F1E2}.Release|Any CPU.Build.0 = Release|Any CPU
		{A72DA27E-63C1-400B-963D-DB84D807EECE}.Debug|Any CPU.ActiveCfg = Debug|Any CPU
		{A72DA27E-63C1-400B-963D-DB84D807EECE}.Debug|Any CPU.Build.0 = Debug|Any CPU
		{A72DA27E-63C1-400B-963D-DB84D807EECE}.Release|Any CPU.ActiveCfg = Release|Any CPU
		{A72DA27E-63C1-400B-963D-DB84D807EECE}.Release|Any CPU.Build.0 = Release|Any CPU
	EndGlobalSection
	GlobalSection(SolutionProperties) = preSolution
		HideSolutionNode = FALSE
	EndGlobalSection
EndGlobal
